
Microsoft Visual Studio Solution File, Format Version 12.00
# Visual Studio 2012
Project("{2150E333-8FDC-42A3-9474-1A3956D46DE8}") = "0. FParsec Basics", "0. FParsec Basics", "{A95CF3E1-E1F7-4161-9A50-2A131305AD23}"
EndProject
Project("{2150E333-8FDC-42A3-9474-1A3956D46DE8}") = "1. Turtle Tutorial", "1. Turtle Tutorial", "{F18EF73F-7A0B-4120-8C23-328360F24EBD}"
EndProject
Project("{2150E333-8FDC-42A3-9474-1A3956D46DE8}") = "2. Small Basic Example", "2. Small Basic Example", "{3D0AAD28-8F2A-4B7B-AE4F-2B3E1888FC50}"
EndProject
Project("{2150E333-8FDC-42A3-9474-1A3956D46DE8}") = "3. Small CSharp Parser", "3. Small CSharp Parser", "{AFAE5D93-A8BC-4F24-BE70-EB531B2F6BBD}"
	ProjectSection(SolutionItems) = preProject
		CSharpParser.fsx = CSharpParser.fsx
	EndProjectSection
EndProject
Project("{F2A71F9B-5D33-465A-A702-920D77279786}") = "Tutorial", "FParsec\Build\VS11\Tutorial.fsproj", "{B0FED0AB-EF96-4E20-B7BB-EE478FACB5BE}"
EndProject
Project("{F2A71F9B-5D33-465A-A702-920D77279786}") = "Calculator", "FParsec\Build\VS11\Calculator.fsproj", "{EC65683F-E2A1-4523-BF89-B081B20B0CC5}"
EndProject
Project("{F2A71F9B-5D33-465A-A702-920D77279786}") = "FParsec", "FParsec\Build\VS11\FParsec.fsproj", "{8EA340D3-E9E0-477E-9AC3-FBFDF3BAD41E}"
EndProject
Project("{FAE04EC0-301F-11D3-BF4B-00C04F79EFBC}") = "FParsecCS", "FParsec\Build\VS11\FParsecCS.csproj", "{501423C3-8EA5-4E54-8D9C-EF60272B57FA}"
EndProject
Project("{2150E333-8FDC-42A3-9474-1A3956D46DE8}") = "0. Tutorial", "0. Tutorial", "{81E4DC32-FDBE-43B6-AE0E-604C9F064EFB}"
EndProject
Project("{2150E333-8FDC-42A3-9474-1A3956D46DE8}") = "1. Calculator", "1. Calculator", "{639370FA-B9A2-404E-B1B8-0C8600710076}"
EndProject
Project("{2150E333-8FDC-42A3-9474-1A3956D46DE8}") = "9. FParsec", "9. FParsec", "{3CD69685-54E8-4E64-9EF9-CBF9F881CF95}"
EndProject
Project("{F2A71F9B-5D33-465A-A702-920D77279786}") = "SmallBasicCompiler", "smallbasiccompiler\SmallBasicCompiler\SmallBasicCompiler.fsproj", "{03AE0B4E-A83B-4A0F-A364-9F0B54B3D7C7}"
EndProject
Project("{2150E333-8FDC-42A3-9474-1A3956D46DE8}") = "2. Compiler", "2. Compiler", "{6579A389-B6EA-43AC-A30D-D6E35976725B}"
EndProject
Project("{2150E333-8FDC-42A3-9474-1A3956D46DE8}") = "0. Interpreter", "0. Interpreter", "{8C6ABF39-1D1B-47AB-AC51-429E3B53FE68}"
EndProject
Project("{F2A71F9B-5D33-465A-A702-920D77279786}") = "Interpreter", "SmallBasic\Interpreter\Interpreter.fsproj", "{9B047D7A-9E5C-44DA-A055-B4A38B93707E}"
EndProject
Project("{F2A71F9B-5D33-465A-A702-920D77279786}") = "Parser", "SmallBasic\Parser\Parser.fsproj", "{1772BB99-CE48-4F9B-BD3E-6E73B2CACC01}"
EndProject
Project("{2150E333-8FDC-42A3-9474-1A3956D46DE8}") = "1. Parser", "1. Parser", "{E3F2503E-15FD-4F49-B4DF-82E9BF65CF19}"
EndProject
Project("{2150E333-8FDC-42A3-9474-1A3956D46DE8}") = "0. Turtle Tutorial", "0. Turtle Tutorial", "{1744E08A-A572-4B62-A36B-8DE03818613B}"
EndProject
Project("{2150E333-8FDC-42A3-9474-1A3956D46DE8}") = "1. Turtle Repeat", "1. Turtle Repeat", "{2C2B8131-F717-457F-ADB4-8BE063047524}"
EndProject
Project("{2150E333-8FDC-42A3-9474-1A3956D46DE8}") = "2. Turtle Procedures", "2. Turtle Procedures", "{AB691DF9-EC21-48CB-B53A-A7667C91401D}"
EndProject
Project("{F2A71F9B-5D33-465A-A702-920D77279786}") = "TurtleProc", "Turtle\TurtleProc\TurtleProc.fsproj", "{3D3F10D0-6FDA-4B9C-AC41-E15E44218DA9}"
EndProject
Project("{F2A71F9B-5D33-465A-A702-920D77279786}") = "TurtleRepeat", "Turtle\TurtleRepeat\TurtleRepeat.fsproj", "{6C70FF9E-D064-4B60-896D-CD9CF4B1CAE0}"
EndProject
Project("{F2A71F9B-5D33-465A-A702-920D77279786}") = "TurtleTutorial", "Turtle\TurtleTutorial\TurtleTutorial.fsproj", "{B8296280-D572-48D5-93B6-97B88347DCAD}"
EndProject
Global
	GlobalSection(SolutionConfigurationPlatforms) = preSolution
		Debug|Any CPU = Debug|Any CPU
		Debug|Mixed Platforms = Debug|Mixed Platforms
		Debug|x86 = Debug|x86
		nuget|Any CPU = nuget|Any CPU
		nuget|Mixed Platforms = nuget|Mixed Platforms
		nuget|x86 = nuget|x86
		Release|Any CPU = Release|Any CPU
		Release|Mixed Platforms = Release|Mixed Platforms
		Release|x86 = Release|x86
	EndGlobalSection
	GlobalSection(ProjectConfigurationPlatforms) = postSolution
		{B0FED0AB-EF96-4E20-B7BB-EE478FACB5BE}.Debug|Any CPU.ActiveCfg = Debug|x86
		{B0FED0AB-EF96-4E20-B7BB-EE478FACB5BE}.Debug|Mixed Platforms.ActiveCfg = Debug|x86
		{B0FED0AB-EF96-4E20-B7BB-EE478FACB5BE}.Debug|Mixed Platforms.Build.0 = Debug|x86
		{B0FED0AB-EF96-4E20-B7BB-EE478FACB5BE}.Debug|x86.ActiveCfg = Debug|x86
		{B0FED0AB-EF96-4E20-B7BB-EE478FACB5BE}.Debug|x86.Build.0 = Debug|x86
		{B0FED0AB-EF96-4E20-B7BB-EE478FACB5BE}.nuget|Any CPU.ActiveCfg = Release|x86
		{B0FED0AB-EF96-4E20-B7BB-EE478FACB5BE}.nuget|Mixed Platforms.ActiveCfg = Release|x86
		{B0FED0AB-EF96-4E20-B7BB-EE478FACB5BE}.nuget|Mixed Platforms.Build.0 = Release|x86
		{B0FED0AB-EF96-4E20-B7BB-EE478FACB5BE}.nuget|x86.ActiveCfg = Release|x86
		{B0FED0AB-EF96-4E20-B7BB-EE478FACB5BE}.nuget|x86.Build.0 = Release|x86
		{B0FED0AB-EF96-4E20-B7BB-EE478FACB5BE}.Release|Any CPU.ActiveCfg = Release|x86
		{B0FED0AB-EF96-4E20-B7BB-EE478FACB5BE}.Release|Mixed Platforms.ActiveCfg = Release|x86
		{B0FED0AB-EF96-4E20-B7BB-EE478FACB5BE}.Release|Mixed Platforms.Build.0 = Release|x86
		{B0FED0AB-EF96-4E20-B7BB-EE478FACB5BE}.Release|x86.ActiveCfg = Release|x86
		{B0FED0AB-EF96-4E20-B7BB-EE478FACB5BE}.Release|x86.Build.0 = Release|x86
		{EC65683F-E2A1-4523-BF89-B081B20B0CC5}.Debug|Any CPU.ActiveCfg = Debug|Any CPU
		{EC65683F-E2A1-4523-BF89-B081B20B0CC5}.Debug|Any CPU.Build.0 = Debug|Any CPU
		{EC65683F-E2A1-4523-BF89-B081B20B0CC5}.Debug|Mixed Platforms.ActiveCfg = Debug|Any CPU
		{EC65683F-E2A1-4523-BF89-B081B20B0CC5}.Debug|Mixed Platforms.Build.0 = Debug|Any CPU
		{EC65683F-E2A1-4523-BF89-B081B20B0CC5}.Debug|x86.ActiveCfg = Debug|Any CPU
		{EC65683F-E2A1-4523-BF89-B081B20B0CC5}.nuget|Any CPU.ActiveCfg = Release|Any CPU
		{EC65683F-E2A1-4523-BF89-B081B20B0CC5}.nuget|Any CPU.Build.0 = Release|Any CPU
		{EC65683F-E2A1-4523-BF89-B081B20B0CC5}.nuget|Mixed Platforms.ActiveCfg = Release|Any CPU
		{EC65683F-E2A1-4523-BF89-B081B20B0CC5}.nuget|Mixed Platforms.Build.0 = Release|Any CPU
		{EC65683F-E2A1-4523-BF89-B081B20B0CC5}.nuget|x86.ActiveCfg = Release|Any CPU
		{EC65683F-E2A1-4523-BF89-B081B20B0CC5}.Release|Any CPU.ActiveCfg = Release|Any CPU
		{EC65683F-E2A1-4523-BF89-B081B20B0CC5}.Release|Any CPU.Build.0 = Release|Any CPU
		{EC65683F-E2A1-4523-BF89-B081B20B0CC5}.Release|Mixed Platforms.ActiveCfg = Release|Any CPU
		{EC65683F-E2A1-4523-BF89-B081B20B0CC5}.Release|Mixed Platforms.Build.0 = Release|Any CPU
		{EC65683F-E2A1-4523-BF89-B081B20B0CC5}.Release|x86.ActiveCfg = Release|Any CPU
		{8EA340D3-E9E0-477E-9AC3-FBFDF3BAD41E}.Debug|Any CPU.ActiveCfg = Debug|Any CPU
		{8EA340D3-E9E0-477E-9AC3-FBFDF3BAD41E}.Debug|Any CPU.Build.0 = Debug|Any CPU
		{8EA340D3-E9E0-477E-9AC3-FBFDF3BAD41E}.Debug|Mixed Platforms.ActiveCfg = Debug|Any CPU
		{8EA340D3-E9E0-477E-9AC3-FBFDF3BAD41E}.Debug|Mixed Platforms.Build.0 = Debug|Any CPU
		{8EA340D3-E9E0-477E-9AC3-FBFDF3BAD41E}.Debug|x86.ActiveCfg = Debug|Any CPU
		{8EA340D3-E9E0-477E-9AC3-FBFDF3BAD41E}.nuget|Any CPU.ActiveCfg = nuget|Any CPU
		{8EA340D3-E9E0-477E-9AC3-FBFDF3BAD41E}.nuget|Any CPU.Build.0 = nuget|Any CPU
		{8EA340D3-E9E0-477E-9AC3-FBFDF3BAD41E}.nuget|Mixed Platforms.ActiveCfg = nuget|Any CPU
		{8EA340D3-E9E0-477E-9AC3-FBFDF3BAD41E}.nuget|Mixed Platforms.Build.0 = nuget|Any CPU
		{8EA340D3-E9E0-477E-9AC3-FBFDF3BAD41E}.nuget|x86.ActiveCfg = nuget|Any CPU
		{8EA340D3-E9E0-477E-9AC3-FBFDF3BAD41E}.Release|Any CPU.ActiveCfg = Release|Any CPU
		{8EA340D3-E9E0-477E-9AC3-FBFDF3BAD41E}.Release|Any CPU.Build.0 = Release|Any CPU
		{8EA340D3-E9E0-477E-9AC3-FBFDF3BAD41E}.Release|Mixed Platforms.ActiveCfg = Release|Any CPU
		{8EA340D3-E9E0-477E-9AC3-FBFDF3BAD41E}.Release|Mixed Platforms.Build.0 = Release|Any CPU
		{8EA340D3-E9E0-477E-9AC3-FBFDF3BAD41E}.Release|x86.ActiveCfg = Release|Any CPU
		{501423C3-8EA5-4E54-8D9C-EF60272B57FA}.Debug|Any CPU.ActiveCfg = Debug|Any CPU
		{501423C3-8EA5-4E54-8D9C-EF60272B57FA}.Debug|Any CPU.Build.0 = Debug|Any CPU
		{501423C3-8EA5-4E54-8D9C-EF60272B57FA}.Debug|Mixed Platforms.ActiveCfg = Debug|Any CPU
		{501423C3-8EA5-4E54-8D9C-EF60272B57FA}.Debug|Mixed Platforms.Build.0 = Debug|Any CPU
		{501423C3-8EA5-4E54-8D9C-EF60272B57FA}.Debug|x86.ActiveCfg = Debug|Any CPU
		{501423C3-8EA5-4E54-8D9C-EF60272B57FA}.nuget|Any CPU.ActiveCfg = nuget|Any CPU
		{501423C3-8EA5-4E54-8D9C-EF60272B57FA}.nuget|Any CPU.Build.0 = nuget|Any CPU
		{501423C3-8EA5-4E54-8D9C-EF60272B57FA}.nuget|Mixed Platforms.ActiveCfg = nuget|Any CPU
		{501423C3-8EA5-4E54-8D9C-EF60272B57FA}.nuget|Mixed Platforms.Build.0 = nuget|Any CPU
		{501423C3-8EA5-4E54-8D9C-EF60272B57FA}.nuget|x86.ActiveCfg = nuget|Any CPU
		{501423C3-8EA5-4E54-8D9C-EF60272B57FA}.Release|Any CPU.ActiveCfg = Release|Any CPU
		{501423C3-8EA5-4E54-8D9C-EF60272B57FA}.Release|Any CPU.Build.0 = Release|Any CPU
		{501423C3-8EA5-4E54-8D9C-EF60272B57FA}.Release|Mixed Platforms.ActiveCfg = Release|Any CPU
		{501423C3-8EA5-4E54-8D9C-EF60272B57FA}.Release|Mixed Platforms.Build.0 = Release|Any CPU
		{501423C3-8EA5-4E54-8D9C-EF60272B57FA}.Release|x86.ActiveCfg = Release|Any CPU
		{03AE0B4E-A83B-4A0F-A364-9F0B54B3D7C7}.Debug|Any CPU.ActiveCfg = Debug|Any CPU
		{03AE0B4E-A83B-4A0F-A364-9F0B54B3D7C7}.Debug|Any CPU.Build.0 = Debug|Any CPU
		{03AE0B4E-A83B-4A0F-A364-9F0B54B3D7C7}.Debug|Mixed Platforms.ActiveCfg = Debug|Any CPU
		{03AE0B4E-A83B-4A0F-A364-9F0B54B3D7C7}.Debug|Mixed Platforms.Build.0 = Debug|Any CPU
		{03AE0B4E-A83B-4A0F-A364-9F0B54B3D7C7}.Debug|x86.ActiveCfg = Debug|Any CPU
		{03AE0B4E-A83B-4A0F-A364-9F0B54B3D7C7}.nuget|Any CPU.ActiveCfg = Release|Any CPU
		{03AE0B4E-A83B-4A0F-A364-9F0B54B3D7C7}.nuget|Any CPU.Build.0 = Release|Any CPU
		{03AE0B4E-A83B-4A0F-A364-9F0B54B3D7C7}.nuget|Mixed Platforms.ActiveCfg = Release|Any CPU
		{03AE0B4E-A83B-4A0F-A364-9F0B54B3D7C7}.nuget|Mixed Platforms.Build.0 = Release|Any CPU
		{03AE0B4E-A83B-4A0F-A364-9F0B54B3D7C7}.nuget|x86.ActiveCfg = Release|Any CPU
		{03AE0B4E-A83B-4A0F-A364-9F0B54B3D7C7}.Release|Any CPU.ActiveCfg = Release|Any CPU
		{03AE0B4E-A83B-4A0F-A364-9F0B54B3D7C7}.Release|Any CPU.Build.0 = Release|Any CPU
		{03AE0B4E-A83B-4A0F-A364-9F0B54B3D7C7}.Release|Mixed Platforms.ActiveCfg = Release|Any CPU
		{03AE0B4E-A83B-4A0F-A364-9F0B54B3D7C7}.Release|Mixed Platforms.Build.0 = Release|Any CPU
		{03AE0B4E-A83B-4A0F-A364-9F0B54B3D7C7}.Release|x86.ActiveCfg = Release|Any CPU
		{9B047D7A-9E5C-44DA-A055-B4A38B93707E}.Debug|Any CPU.ActiveCfg = Debug|Any CPU
		{9B047D7A-9E5C-44DA-A055-B4A38B93707E}.Debug|Any CPU.Build.0 = Debug|Any CPU
		{9B047D7A-9E5C-44DA-A055-B4A38B93707E}.Debug|Mixed Platforms.ActiveCfg = Debug|Any CPU
		{9B047D7A-9E5C-44DA-A055-B4A38B93707E}.Debug|Mixed Platforms.Build.0 = Debug|Any CPU
		{9B047D7A-9E5C-44DA-A055-B4A38B93707E}.Debug|x86.ActiveCfg = Debug|Any CPU
		{9B047D7A-9E5C-44DA-A055-B4A38B93707E}.nuget|Any CPU.ActiveCfg = Release|Any CPU
		{9B047D7A-9E5C-44DA-A055-B4A38B93707E}.nuget|Any CPU.Build.0 = Release|Any CPU
		{9B047D7A-9E5C-44DA-A055-B4A38B93707E}.nuget|Mixed Platforms.ActiveCfg = Release|Any CPU
		{9B047D7A-9E5C-44DA-A055-B4A38B93707E}.nuget|Mixed Platforms.Build.0 = Release|Any CPU
		{9B047D7A-9E5C-44DA-A055-B4A38B93707E}.nuget|x86.ActiveCfg = Release|Any CPU
		{9B047D7A-9E5C-44DA-A055-B4A38B93707E}.Release|Any CPU.ActiveCfg = Release|Any CPU
		{9B047D7A-9E5C-44DA-A055-B4A38B93707E}.Release|Any CPU.Build.0 = Release|Any CPU
		{9B047D7A-9E5C-44DA-A055-B4A38B93707E}.Release|Mixed Platforms.ActiveCfg = Release|Any CPU
		{9B047D7A-9E5C-44DA-A055-B4A38B93707E}.Release|Mixed Platforms.Build.0 = Release|Any CPU
		{9B047D7A-9E5C-44DA-A055-B4A38B93707E}.Release|x86.ActiveCfg = Release|Any CPU
		{1772BB99-CE48-4F9B-BD3E-6E73B2CACC01}.Debug|Any CPU.ActiveCfg = Debug|Any CPU
		{1772BB99-CE48-4F9B-BD3E-6E73B2CACC01}.Debug|Any CPU.Build.0 = Debug|Any CPU
		{1772BB99-CE48-4F9B-BD3E-6E73B2CACC01}.Debug|Mixed Platforms.ActiveCfg = Debug|Any CPU
		{1772BB99-CE48-4F9B-BD3E-6E73B2CACC01}.Debug|Mixed Platforms.Build.0 = Debug|Any CPU
		{1772BB99-CE48-4F9B-BD3E-6E73B2CACC01}.Debug|x86.ActiveCfg = Debug|Any CPU
		{1772BB99-CE48-4F9B-BD3E-6E73B2CACC01}.nuget|Any CPU.ActiveCfg = Release|Any CPU
		{1772BB99-CE48-4F9B-BD3E-6E73B2CACC01}.nuget|Any CPU.Build.0 = Release|Any CPU
		{1772BB99-CE48-4F9B-BD3E-6E73B2CACC01}.nuget|Mixed Platforms.ActiveCfg = Release|Any CPU
		{1772BB99-CE48-4F9B-BD3E-6E73B2CACC01}.nuget|Mixed Platforms.Build.0 = Release|Any CPU
		{1772BB99-CE48-4F9B-BD3E-6E73B2CACC01}.nuget|x86.ActiveCfg = Release|Any CPU
		{1772BB99-CE48-4F9B-BD3E-6E73B2CACC01}.Release|Any CPU.ActiveCfg = Release|Any CPU
		{1772BB99-CE48-4F9B-BD3E-6E73B2CACC01}.Release|Any CPU.Build.0 = Release|Any CPU
		{1772BB99-CE48-4F9B-BD3E-6E73B2CACC01}.Release|Mixed Platforms.ActiveCfg = Release|Any CPU
		{1772BB99-CE48-4F9B-BD3E-6E73B2CACC01}.Release|Mixed Platforms.Build.0 = Release|Any CPU
		{1772BB99-CE48-4F9B-BD3E-6E73B2CACC01}.Release|x86.ActiveCfg = Release|Any CPU
		{3D3F10D0-6FDA-4B9C-AC41-E15E44218DA9}.Debug|Any CPU.ActiveCfg = Debug|Any CPU
		{3D3F10D0-6FDA-4B9C-AC41-E15E44218DA9}.Debug|Any CPU.Build.0 = Debug|Any CPU
		{3D3F10D0-6FDA-4B9C-AC41-E15E44218DA9}.Debug|Mixed Platforms.ActiveCfg = Debug|Any CPU
		{3D3F10D0-6FDA-4B9C-AC41-E15E44218DA9}.Debug|Mixed Platforms.Build.0 = Debug|Any CPU
		{3D3F10D0-6FDA-4B9C-AC41-E15E44218DA9}.Debug|x86.ActiveCfg = Debug|Any CPU
		{3D3F10D0-6FDA-4B9C-AC41-E15E44218DA9}.nuget|Any CPU.ActiveCfg = Release|Any CPU
		{3D3F10D0-6FDA-4B9C-AC41-E15E44218DA9}.nuget|Any CPU.Build.0 = Release|Any CPU
		{3D3F10D0-6FDA-4B9C-AC41-E15E44218DA9}.nuget|Mixed Platforms.ActiveCfg = Release|Any CPU
		{3D3F10D0-6FDA-4B9C-AC41-E15E44218DA9}.nuget|Mixed Platforms.Build.0 = Release|Any CPU
		{3D3F10D0-6FDA-4B9C-AC41-E15E44218DA9}.nuget|x86.ActiveCfg = Release|Any CPU
		{3D3F10D0-6FDA-4B9C-AC41-E15E44218DA9}.Release|Any CPU.ActiveCfg = Release|Any CPU
		{3D3F10D0-6FDA-4B9C-AC41-E15E44218DA9}.Release|Any CPU.Build.0 = Release|Any CPU
		{3D3F10D0-6FDA-4B9C-AC41-E15E44218DA9}.Release|Mixed Platforms.ActiveCfg = Release|Any CPU
		{3D3F10D0-6FDA-4B9C-AC41-E15E44218DA9}.Release|Mixed Platforms.Build.0 = Release|Any CPU
		{3D3F10D0-6FDA-4B9C-AC41-E15E44218DA9}.Release|x86.ActiveCfg = Release|Any CPU
		{6C70FF9E-D064-4B60-896D-CD9CF4B1CAE0}.Debug|Any CPU.ActiveCfg = Debug|Any CPU
		{6C70FF9E-D064-4B60-896D-CD9CF4B1CAE0}.Debug|Any CPU.Build.0 = Debug|Any CPU
		{6C70FF9E-D064-4B60-896D-CD9CF4B1CAE0}.Debug|Mixed Platforms.ActiveCfg = Debug|Any CPU
		{6C70FF9E-D064-4B60-896D-CD9CF4B1CAE0}.Debug|Mixed Platforms.Build.0 = Debug|Any CPU
		{6C70FF9E-D064-4B60-896D-CD9CF4B1CAE0}.Debug|x86.ActiveCfg = Debug|Any CPU
		{6C70FF9E-D064-4B60-896D-CD9CF4B1CAE0}.nuget|Any CPU.ActiveCfg = Release|Any CPU
		{6C70FF9E-D064-4B60-896D-CD9CF4B1CAE0}.nuget|Any CPU.Build.0 = Release|Any CPU
		{6C70FF9E-D064-4B60-896D-CD9CF4B1CAE0}.nuget|Mixed Platforms.ActiveCfg = Release|Any CPU
		{6C70FF9E-D064-4B60-896D-CD9CF4B1CAE0}.nuget|Mixed Platforms.Build.0 = Release|Any CPU
		{6C70FF9E-D064-4B60-896D-CD9CF4B1CAE0}.nuget|x86.ActiveCfg = Release|Any CPU
		{6C70FF9E-D064-4B60-896D-CD9CF4B1CAE0}.Release|Any CPU.ActiveCfg = Release|Any CPU
		{6C70FF9E-D064-4B60-896D-CD9CF4B1CAE0}.Release|Any CPU.Build.0 = Release|Any CPU
		{6C70FF9E-D064-4B60-896D-CD9CF4B1CAE0}.Release|Mixed Platforms.ActiveCfg = Release|Any CPU
		{6C70FF9E-D064-4B60-896D-CD9CF4B1CAE0}.Release|Mixed Platforms.Build.0 = Release|Any CPU
		{6C70FF9E-D064-4B60-896D-CD9CF4B1CAE0}.Release|x86.ActiveCfg = Release|Any CPU
		{B8296280-D572-48D5-93B6-97B88347DCAD}.Debug|Any CPU.ActiveCfg = Debug|Any CPU
		{B8296280-D572-48D5-93B6-97B88347DCAD}.Debug|Any CPU.Build.0 = Debug|Any CPU
		{B8296280-D572-48D5-93B6-97B88347DCAD}.Debug|Mixed Platforms.ActiveCfg = Debug|Any CPU
		{B8296280-D572-48D5-93B6-97B88347DCAD}.Debug|Mixed Platforms.Build.0 = Debug|Any CPU
		{B8296280-D572-48D5-93B6-97B88347DCAD}.Debug|x86.ActiveCfg = Debug|Any CPU
		{B8296280-D572-48D5-93B6-97B88347DCAD}.nuget|Any CPU.ActiveCfg = Release|Any CPU
		{B8296280-D572-48D5-93B6-97B88347DCAD}.nuget|Any CPU.Build.0 = Release|Any CPU
		{B8296280-D572-48D5-93B6-97B88347DCAD}.nuget|Mixed Platforms.ActiveCfg = Release|Any CPU
		{B8296280-D572-48D5-93B6-97B88347DCAD}.nuget|Mixed Platforms.Build.0 = Release|Any CPU
		{B8296280-D572-48D5-93B6-97B88347DCAD}.nuget|x86.ActiveCfg = Release|Any CPU
		{B8296280-D572-48D5-93B6-97B88347DCAD}.Release|Any CPU.ActiveCfg = Release|Any CPU
		{B8296280-D572-48D5-93B6-97B88347DCAD}.Release|Any CPU.Build.0 = Release|Any CPU
		{B8296280-D572-48D5-93B6-97B88347DCAD}.Release|Mixed Platforms.ActiveCfg = Release|Any CPU
		{B8296280-D572-48D5-93B6-97B88347DCAD}.Release|Mixed Platforms.Build.0 = Release|Any CPU
		{B8296280-D572-48D5-93B6-97B88347DCAD}.Release|x86.ActiveCfg = Release|Any CPU
	EndGlobalSection
	GlobalSection(SolutionProperties) = preSolution
		HideSolutionNode = FALSE
	EndGlobalSection
	GlobalSection(NestedProjects) = preSolution
		{81E4DC32-FDBE-43B6-AE0E-604C9F064EFB} = {A95CF3E1-E1F7-4161-9A50-2A131305AD23}
		{639370FA-B9A2-404E-B1B8-0C8600710076} = {A95CF3E1-E1F7-4161-9A50-2A131305AD23}
		{3CD69685-54E8-4E64-9EF9-CBF9F881CF95} = {A95CF3E1-E1F7-4161-9A50-2A131305AD23}
		{1744E08A-A572-4B62-A36B-8DE03818613B} = {F18EF73F-7A0B-4120-8C23-328360F24EBD}
		{2C2B8131-F717-457F-ADB4-8BE063047524} = {F18EF73F-7A0B-4120-8C23-328360F24EBD}
		{AB691DF9-EC21-48CB-B53A-A7667C91401D} = {F18EF73F-7A0B-4120-8C23-328360F24EBD}
		{6579A389-B6EA-43AC-A30D-D6E35976725B} = {3D0AAD28-8F2A-4B7B-AE4F-2B3E1888FC50}
		{8C6ABF39-1D1B-47AB-AC51-429E3B53FE68} = {3D0AAD28-8F2A-4B7B-AE4F-2B3E1888FC50}
		{E3F2503E-15FD-4F49-B4DF-82E9BF65CF19} = {3D0AAD28-8F2A-4B7B-AE4F-2B3E1888FC50}
		{B0FED0AB-EF96-4E20-B7BB-EE478FACB5BE} = {81E4DC32-FDBE-43B6-AE0E-604C9F064EFB}
		{EC65683F-E2A1-4523-BF89-B081B20B0CC5} = {639370FA-B9A2-404E-B1B8-0C8600710076}
		{8EA340D3-E9E0-477E-9AC3-FBFDF3BAD41E} = {3CD69685-54E8-4E64-9EF9-CBF9F881CF95}
		{501423C3-8EA5-4E54-8D9C-EF60272B57FA} = {3CD69685-54E8-4E64-9EF9-CBF9F881CF95}
		{03AE0B4E-A83B-4A0F-A364-9F0B54B3D7C7} = {6579A389-B6EA-43AC-A30D-D6E35976725B}
		{9B047D7A-9E5C-44DA-A055-B4A38B93707E} = {8C6ABF39-1D1B-47AB-AC51-429E3B53FE68}
		{1772BB99-CE48-4F9B-BD3E-6E73B2CACC01} = {E3F2503E-15FD-4F49-B4DF-82E9BF65CF19}
		{B8296280-D572-48D5-93B6-97B88347DCAD} = {1744E08A-A572-4B62-A36B-8DE03818613B}
		{6C70FF9E-D064-4B60-896D-CD9CF4B1CAE0} = {2C2B8131-F717-457F-ADB4-8BE063047524}
		{3D3F10D0-6FDA-4B9C-AC41-E15E44218DA9} = {AB691DF9-EC21-48CB-B53A-A7667C91401D}
	EndGlobalSection
EndGlobal
